
Microsoft Visual Studio Solution File, Format Version 12.00
# Visual Studio Version 16
VisualStudioVersion = 16.0.30709.132
MinimumVisualStudioVersion = 10.0.40219.1
Project("{2150E333-8FDC-42A3-9474-1A3956D46DE8}") = "API", "API", "{808AD85B-71FC-41E8-B1BA-A9F0A5285660}"
EndProject
Project("{2150E333-8FDC-42A3-9474-1A3956D46DE8}") = "IS4", "IS4", "{5D55E5B8-D88A-4394-9C97-1CF3330D42F9}"
EndProject
Project("{9A19103F-16F7-4668-BE54-9A1E7A4F7556}") = "IS4.Identity", "src\IS4.Identity\IS4.Identity.csproj", "{5DC4FD91-6B89-4E1B-A98B-784E41F03FEE}"
EndProject
Project("{9A19103F-16F7-4668-BE54-9A1E7A4F7556}") = "AnimeBrowser.API", "src\AnimeBrowser.API\AnimeBrowser.API.csproj", "{68C2B3F2-DBEA-4F52-ADDA-8916152A6767}"
EndProject
Global
	GlobalSection(SolutionConfigurationPlatforms) = preSolution
		Debug|Any CPU = Debug|Any CPU
		Release|Any CPU = Release|Any CPU
	EndGlobalSection
	GlobalSection(ProjectConfigurationPlatforms) = postSolution
		{5DC4FD91-6B89-4E1B-A98B-784E41F03FEE}.Debug|Any CPU.ActiveCfg = Debug|Any CPU
		{5DC4FD91-6B89-4E1B-A98B-784E41F03FEE}.Debug|Any CPU.Build.0 = Debug|Any CPU
		{5DC4FD91-6B89-4E1B-A98B-784E41F03FEE}.Release|Any CPU.ActiveCfg = Release|Any CPU
		{5DC4FD91-6B89-4E1B-A98B-784E41F03FEE}.Release|Any CPU.Build.0 = Release|Any CPU
		{68C2B3F2-DBEA-4F52-ADDA-8916152A6767}.Debug|Any CPU.ActiveCfg = Debug|Any CPU
		{68C2B3F2-DBEA-4F52-ADDA-8916152A6767}.Debug|Any CPU.Build.0 = Debug|Any CPU
		{68C2B3F2-DBEA-4F52-ADDA-8916152A6767}.Release|Any CPU.ActiveCfg = Release|Any CPU
		{68C2B3F2-DBEA-4F52-ADDA-8916152A6767}.Release|Any CPU.Build.0 = Release|Any CPU
	EndGlobalSection
	GlobalSection(SolutionProperties) = preSolution
		HideSolutionNode = FALSE
	EndGlobalSection
	GlobalSection(NestedProjects) = preSolution
		{5DC4FD91-6B89-4E1B-A98B-784E41F03FEE} = {5D55E5B8-D88A-4394-9C97-1CF3330D42F9}
		{68C2B3F2-DBEA-4F52-ADDA-8916152A6767} = {808AD85B-71FC-41E8-B1BA-A9F0A5285660}
	EndGlobalSection
	GlobalSection(ExtensibilityGlobals) = postSolution
		SolutionGuid = {9E1CD417-7C6A-44A4-8083-A9DCAF434238}
	EndGlobalSection
EndGlobal
